
Microsoft Visual Studio Solution File, Format Version 12.00
# Visual Studio 14
VisualStudioVersion = 14.0.25420.1
MinimumVisualStudioVersion = 10.0.40219.1
Project("{FAE04EC0-301F-11D3-BF4B-00C04F79EFBC}") = "JJServicios.Web", "JJServicios.Web\JJServicios.Web.csproj", "{E5CF6B72-81A2-449B-AFB5-F49D86848028}"
EndProject
Project("{2150E333-8FDC-42A3-9474-1A3956D46DE8}") = "1. Application", "1. Application", "{061795A7-DC5D-4A6F-A214-4429ADD452D6}"
EndProject
Project("{2150E333-8FDC-42A3-9474-1A3956D46DE8}") = "3. Business", "3. Business", "{FDE9EA0C-101B-4D81-9A1D-9C461826F4F9}"
EndProject
Project("{2150E333-8FDC-42A3-9474-1A3956D46DE8}") = "4. Data", "4. Data", "{BF1FA19D-6C83-44BD-992D-6045EA7E8407}"
EndProject
Project("{2150E333-8FDC-42A3-9474-1A3956D46DE8}") = "DataBase", "DataBase", "{688953A5-2C79-439C-8092-DE034FE1A9CA}"
EndProject
Project("{00D1A9C2-B5F0-4AF3-8072-F6C62B433612}") = "JjServiciosDB", "JjServiciosDB\JjServiciosDB.sqlproj", "{81010CCB-B000-404D-964A-22E8D4E31B7E}"
EndProject
Project("{FAE04EC0-301F-11D3-BF4B-00C04F79EFBC}") = "JJServicios.DB.Contracts", "JJServicios.DB.Interface\JJServicios.DB.Contracts.csproj", "{BB4D36B3-6A21-400A-A74E-15F3C761DC00}"
EndProject
Project("{FAE04EC0-301F-11D3-BF4B-00C04F79EFBC}") = "JJServicios.DB.Impl", "JJServicios.DB.Impl\JJServicios.DB.Impl.csproj", "{E0BE4535-D66A-470C-A219-1F9D136CFE2D}"
EndProject
Project("{2150E333-8FDC-42A3-9474-1A3956D46DE8}") = "2. Models", "2. Models", "{A2D4985F-F58D-4B35-B397-4CD6ED89CD00}"
EndProject
Project("{FAE04EC0-301F-11D3-BF4B-00C04F79EFBC}") = "JJServicios.Models", "JJServicios.Models\JJServicios.Models.csproj", "{9E6BBF21-E0DD-46F9-BCDE-AFAF986FD10B}"
EndProject
Global
	GlobalSection(SolutionConfigurationPlatforms) = preSolution
		Debug|Any CPU = Debug|Any CPU
		Release|Any CPU = Release|Any CPU
	EndGlobalSection
	GlobalSection(ProjectConfigurationPlatforms) = postSolution
		{E5CF6B72-81A2-449B-AFB5-F49D86848028}.Debug|Any CPU.ActiveCfg = Debug|Any CPU
		{E5CF6B72-81A2-449B-AFB5-F49D86848028}.Debug|Any CPU.Build.0 = Debug|Any CPU
		{E5CF6B72-81A2-449B-AFB5-F49D86848028}.Release|Any CPU.ActiveCfg = Release|Any CPU
		{E5CF6B72-81A2-449B-AFB5-F49D86848028}.Release|Any CPU.Build.0 = Release|Any CPU
		{81010CCB-B000-404D-964A-22E8D4E31B7E}.Debug|Any CPU.ActiveCfg = Debug|Any CPU
		{81010CCB-B000-404D-964A-22E8D4E31B7E}.Debug|Any CPU.Build.0 = Debug|Any CPU
		{81010CCB-B000-404D-964A-22E8D4E31B7E}.Debug|Any CPU.Deploy.0 = Debug|Any CPU
		{81010CCB-B000-404D-964A-22E8D4E31B7E}.Release|Any CPU.ActiveCfg = Release|Any CPU
		{81010CCB-B000-404D-964A-22E8D4E31B7E}.Release|Any CPU.Build.0 = Release|Any CPU
		{81010CCB-B000-404D-964A-22E8D4E31B7E}.Release|Any CPU.Deploy.0 = Release|Any CPU
		{BB4D36B3-6A21-400A-A74E-15F3C761DC00}.Debug|Any CPU.ActiveCfg = Debug|Any CPU
		{BB4D36B3-6A21-400A-A74E-15F3C761DC00}.Debug|Any CPU.Build.0 = Debug|Any CPU
		{BB4D36B3-6A21-400A-A74E-15F3C761DC00}.Release|Any CPU.ActiveCfg = Release|Any CPU
		{BB4D36B3-6A21-400A-A74E-15F3C761DC00}.Release|Any CPU.Build.0 = Release|Any CPU
		{E0BE4535-D66A-470C-A219-1F9D136CFE2D}.Debug|Any CPU.ActiveCfg = Debug|Any CPU
		{E0BE4535-D66A-470C-A219-1F9D136CFE2D}.Debug|Any CPU.Build.0 = Debug|Any CPU
		{E0BE4535-D66A-470C-A219-1F9D136CFE2D}.Release|Any CPU.ActiveCfg = Release|Any CPU
		{E0BE4535-D66A-470C-A219-1F9D136CFE2D}.Release|Any CPU.Build.0 = Release|Any CPU
		{9E6BBF21-E0DD-46F9-BCDE-AFAF986FD10B}.Debug|Any CPU.ActiveCfg = Debug|Any CPU
		{9E6BBF21-E0DD-46F9-BCDE-AFAF986FD10B}.Debug|Any CPU.Build.0 = Debug|Any CPU
		{9E6BBF21-E0DD-46F9-BCDE-AFAF986FD10B}.Release|Any CPU.ActiveCfg = Release|Any CPU
		{9E6BBF21-E0DD-46F9-BCDE-AFAF986FD10B}.Release|Any CPU.Build.0 = Release|Any CPU
	EndGlobalSection
	GlobalSection(SolutionProperties) = preSolution
		HideSolutionNode = FALSE
	EndGlobalSection
	GlobalSection(NestedProjects) = preSolution
		{E5CF6B72-81A2-449B-AFB5-F49D86848028} = {061795A7-DC5D-4A6F-A214-4429ADD452D6}
		{81010CCB-B000-404D-964A-22E8D4E31B7E} = {688953A5-2C79-439C-8092-DE034FE1A9CA}
		{BB4D36B3-6A21-400A-A74E-15F3C761DC00} = {BF1FA19D-6C83-44BD-992D-6045EA7E8407}
		{E0BE4535-D66A-470C-A219-1F9D136CFE2D} = {BF1FA19D-6C83-44BD-992D-6045EA7E8407}
		{9E6BBF21-E0DD-46F9-BCDE-AFAF986FD10B} = {A2D4985F-F58D-4B35-B397-4CD6ED89CD00}
	EndGlobalSection
EndGlobal
